<?xml version="1.0" encoding="utf-8"?>
<Project ToolsVersion="4.0" xmlns="http://schemas.microsoft.com/developer/msbuild/2003">
  <ItemGroup>
    <Filter Include="Source Files">
      <UniqueIdentifier>{4FC737F1-C7A5-4376-A066-2A32D752A2FF}</UniqueIdentifier>
      <Extensions>cpp;c;cc;cxx;def;odl;idl;hpj;bat;asm;asmx</Extensions>
    </Filter>
    <Filter Include="Source Files\esp">
      <UniqueIdentifier>{9aff8695-e9c7-4ffa-bf31-6b2a3e6955f0}</UniqueIdentifier>
    </Filter>
    <Filter Include="Source Files\memory">
      <UniqueIdentifier>{8a01ce00-6b6c-481a-9c2c-4a2c958ee7c3}</UniqueIdentifier>
    </Filter>
    <Filter Include="Source Files\menu">
      <UniqueIdentifier>{ad9a191e-aab3-4c0f-af21-214a17a2d979}</UniqueIdentifier>
    </Filter>
    <Filter Include="Source Files\rendering">
      <UniqueIdentifier>{b3f3bfd7-e23e-43f2-8ef6-62f575121b53}</UniqueIdentifier>
    </Filter>
    <Filter Include="Source Files\overlay">
      <UniqueIdentifier>{0c303ea5-cbf1-454c-8f15-210c6d7dd039}</UniqueIdentifier>
    </Filter>
    <Filter Include="Source Files\sdk">
      <UniqueIdentifier>{8dba1d87-49c3-482f-95a7-4f8550e6e51e}</UniqueIdentifier>
    </Filter>
    <Filter Include="Source Files\utilities">
      <UniqueIdentifier>{03b2f04e-be33-4338-99ef-e67aeef7b6d0}</UniqueIdentifier>
    </Filter>
    <Filter Include="Source Files\aimbot">
      <UniqueIdentifier>{d847ff48-2d9e-46dc-a2c8-9362994e1187}</UniqueIdentifier>
    </Filter>
    <Filter Include="Source Files\features">
      <UniqueIdentifier>{05d4fed6-c8e0-4f4b-80c4-5cf8756a8e9a}</UniqueIdentifier>
    </Filter>
    <Filter Include="Source Files\features\weapon_replacer">
      <UniqueIdentifier>{ad99d85e-ae02-4de3-abc2-0e2aa88ce3ad}</UniqueIdentifier>
    </Filter>
  </ItemGroup>
  <ItemGroup>
    <ClCompile Include="main.cpp">
      <Filter>Source Files</Filter>
    </ClCompile>
    <ClCompile Include="gta_external.cpp">
      <Filter>Source Files</Filter>
    </ClCompile>
    <ClCompile Include="esp\esp.cpp">
      <Filter>Source Files\esp</Filter>
    </ClCompile>
    <ClCompile Include="memory\memory.cpp">
      <Filter>Source Files\memory</Filter>
    </ClCompile>
    <ClCompile Include="menu\menu.cpp">
      <Filter>Source Files\menu</Filter>
    </ClCompile>
    <ClCompile Include="overlay\overlay.cpp">
      <Filter>Source Files\overlay</Filter>
    </ClCompile>
    <ClCompile Include="rendering\rendering.cpp">
      <Filter>Source Files\rendering</Filter>
    </ClCompile>
    <ClCompile Include="sdk\sdk.cpp">
      <Filter>Source Files\sdk</Filter>
    </ClCompile>
    <ClCompile Include="utilities\utilities.cpp">
      <Filter>Source Files\utilities</Filter>
    </ClCompile>
    <ClCompile Include="aimbot\aimbot.cpp">
      <Filter>Source Files\aimbot</Filter>
    </ClCompile>
    <ClCompile Include="features\weapon_replacer\weapon_replacer.cpp">
      <Filter>Source Files\features\weapon_replacer</Filter>
    </ClCompile>
    <ClCompile Include="features\features.cpp">
      <Filter>Source Files\features</Filter>
    </ClCompile>
  </ItemGroup>
  <ItemGroup>
    <ClInclude Include="gta_external.hpp">
      <Filter>Source Files</Filter>
    </ClInclude>
    <ClInclude Include="esp\esp.hpp">
      <Filter>Source Files\esp</Filter>
    </ClInclude>
    <ClInclude Include="memory\memory.hpp">
      <Filter>Source Files\memory</Filter>
    </ClInclude>
    <ClInclude Include="menu\menu.hpp">
      <Filter>Source Files\menu</Filter>
    </ClInclude>
    <ClInclude Include="overlay\overlay.hpp">
      <Filter>Source Files\overlay</Filter>
    </ClInclude>
    <ClInclude Include="rendering\rendering.hpp">
      <Filter>Source Files\rendering</Filter>
    </ClInclude>
    <ClInclude Include="sdk\sdk.hpp">
      <Filter>Source Files\sdk</Filter>
    </ClInclude>
    <ClInclude Include="utilities\utilities.hpp">
      <Filter>Source Files\utilities</Filter>
    </ClInclude>
    <ClInclude Include="aimbot\aimbot.hpp">
      <Filter>Source Files\aimbot</Filter>
    </ClInclude>
    <ClInclude Include="features\weapon_replacer\weapon_replacer.hpp">
      <Filter>Source Files\features\weapon_replacer</Filter>
    </ClInclude>
    <ClInclude Include="features\features.hpp">
      <Filter>Source Files\features</Filter>
    </ClInclude>
  </ItemGroup>
</Project>